
Microsoft Visual Studio Solution File, Format Version 12.00
# Visual Studio Version 17
VisualStudioVersion = 17.4.33213.308
MinimumVisualStudioVersion = 10.0.40219.1
Project("{FAE04EC0-301F-11D3-BF4B-00C04F79EFBC}") = "ServerTCP", "ServerTCP.csproj", "{C6013E58-F658-448A-ACDD-F98F69CAC292}"
EndProject
Project("{FAE04EC0-301F-11D3-BF4B-00C04F79EFBC}") = "ClientTCP", "ClientTCP\ClientTCP.csproj", "{691AA07E-73E9-4F4C-A204-601CFA5019DF}"
EndProject
Project("{FAE04EC0-301F-11D3-BF4B-00C04F79EFBC}") = "ClientTCP2", "ClientTCP2\ClientTCP2.csproj", "{0BA40375-826C-4A39-97C8-C1C7C055CC13}"
EndProject
Project("{FAE04EC0-301F-11D3-BF4B-00C04F79EFBC}") = "ServerTCP2", "ServerTCP2\ServerTCP2.csproj", "{7B9936E5-2559-49F0-B603-3AE97A7FBF33}"
EndProject
Global
	GlobalSection(SolutionConfigurationPlatforms) = preSolution
		Debug|Any CPU = Debug|Any CPU
		Release|Any CPU = Release|Any CPU
	EndGlobalSection
	GlobalSection(ProjectConfigurationPlatforms) = postSolution
		{C6013E58-F658-448A-ACDD-F98F69CAC292}.Debug|Any CPU.ActiveCfg = Debug|Any CPU
		{C6013E58-F658-448A-ACDD-F98F69CAC292}.Debug|Any CPU.Build.0 = Debug|Any CPU
		{C6013E58-F658-448A-ACDD-F98F69CAC292}.Release|Any CPU.ActiveCfg = Release|Any CPU
		{C6013E58-F658-448A-ACDD-F98F69CAC292}.Release|Any CPU.Build.0 = Release|Any CPU
		{691AA07E-73E9-4F4C-A204-601CFA5019DF}.Debug|Any CPU.ActiveCfg = Debug|Any CPU
		{691AA07E-73E9-4F4C-A204-601CFA5019DF}.Debug|Any CPU.Build.0 = Debug|Any CPU
		{691AA07E-73E9-4F4C-A204-601CFA5019DF}.Release|Any CPU.ActiveCfg = Release|Any CPU
		{691AA07E-73E9-4F4C-A204-601CFA5019DF}.Release|Any CPU.Build.0 = Release|Any CPU
		{0BA40375-826C-4A39-97C8-C1C7C055CC13}.Debug|Any CPU.ActiveCfg = Debug|Any CPU
		{0BA40375-826C-4A39-97C8-C1C7C055CC13}.Debug|Any CPU.Build.0 = Debug|Any CPU
		{0BA40375-826C-4A39-97C8-C1C7C055CC13}.Release|Any CPU.ActiveCfg = Release|Any CPU
		{0BA40375-826C-4A39-97C8-C1C7C055CC13}.Release|Any CPU.Build.0 = Release|Any CPU
		{7B9936E5-2559-49F0-B603-3AE97A7FBF33}.Debug|Any CPU.ActiveCfg = Debug|Any CPU
		{7B9936E5-2559-49F0-B603-3AE97A7FBF33}.Debug|Any CPU.Build.0 = Debug|Any CPU
		{7B9936E5-2559-49F0-B603-3AE97A7FBF33}.Release|Any CPU.ActiveCfg = Release|Any CPU
		{7B9936E5-2559-49F0-B603-3AE97A7FBF33}.Release|Any CPU.Build.0 = Release|Any CPU
	EndGlobalSection
	GlobalSection(SolutionProperties) = preSolution
		HideSolutionNode = FALSE
	EndGlobalSection
	GlobalSection(ExtensibilityGlobals) = postSolution
		SolutionGuid = {38F32DD2-2A7A-4EF1-897B-3A701E2C46F0}
	EndGlobalSection
EndGlobal
